
Microsoft Visual Studio Solution File, Format Version 12.00
# Visual Studio Version 17
VisualStudioVersion = 17.1.32328.378
MinimumVisualStudioVersion = 10.0.40219.1
Project("{FAE04EC0-301F-11D3-BF4B-00C04F79EFBC}") = "helloWorld", "helloWorld\helloWorld.csproj", "{06C75A82-3F62-4AE7-B56A-738377F08A74}"
EndProject
Global
	GlobalSection(SolutionConfigurationPlatforms) = preSolution
		Debug|Any CPU = Debug|Any CPU
		Release|Any CPU = Release|Any CPU
	EndGlobalSection
	GlobalSection(ProjectConfigurationPlatforms) = postSolution
		{06C75A82-3F62-4AE7-B56A-738377F08A74}.Debug|Any CPU.ActiveCfg = Debug|Any CPU
		{06C75A82-3F62-4AE7-B56A-738377F08A74}.Debug|Any CPU.Build.0 = Debug|Any CPU
		{06C75A82-3F62-4AE7-B56A-738377F08A74}.Release|Any CPU.ActiveCfg = Release|Any CPU
		{06C75A82-3F62-4AE7-B56A-738377F08A74}.Release|Any CPU.Build.0 = Release|Any CPU
	EndGlobalSection
	GlobalSection(SolutionProperties) = preSolution
		HideSolutionNode = FALSE
	EndGlobalSection
	GlobalSection(ExtensibilityGlobals) = postSolution
		SolutionGuid = {BBE4B911-AB88-4B1A-860F-0AA262A22730}
	EndGlobalSection
EndGlobal
